
Microsoft Visual Studio Solution File, Format Version 12.00
# Visual Studio Version 17
VisualStudioVersion = 17.5.002.0
MinimumVisualStudioVersion = 10.0.40219.1
Project("{9A19103F-16F7-4668-BE54-9A1E7A4F7556}") = "DotNetTemplate", "DotNetTemplate.csproj", "{5FCF1DB2-FC6B-45CD-8E38-4C267817DECB}"
EndProject
Global
	GlobalSection(SolutionConfigurationPlatforms) = preSolution
		Debug|Any CPU = Debug|Any CPU
		Release|Any CPU = Release|Any CPU
	EndGlobalSection
	GlobalSection(ProjectConfigurationPlatforms) = postSolution
		{5FCF1DB2-FC6B-45CD-8E38-4C267817DECB}.Debug|Any CPU.ActiveCfg = Debug|Any CPU
		{5FCF1DB2-FC6B-45CD-8E38-4C267817DECB}.Debug|Any CPU.Build.0 = Debug|Any CPU
		{5FCF1DB2-FC6B-45CD-8E38-4C267817DECB}.Release|Any CPU.ActiveCfg = Release|Any CPU
		{5FCF1DB2-FC6B-45CD-8E38-4C267817DECB}.Release|Any CPU.Build.0 = Release|Any CPU
	EndGlobalSection
	GlobalSection(SolutionProperties) = preSolution
		HideSolutionNode = FALSE
	EndGlobalSection
	GlobalSection(ExtensibilityGlobals) = postSolution
		SolutionGuid = {B94CF2C7-5D78-423E-AE0E-00F01E64DDDD}
	EndGlobalSection
EndGlobal
